
Microsoft Visual Studio Solution File, Format Version 12.00
# Visual Studio 15
VisualStudioVersion = 15.0.26730.16
MinimumVisualStudioVersion = 10.0.40219.1
Project("{FAE04EC0-301F-11D3-BF4B-00C04F79EFBC}") = "The Loners Project", "The Loners Project\The Loners Project.csproj", "{7D80D874-9B07-4AEE-BE42-F7E5B8A07E78}"
EndProject
Global
	GlobalSection(SolutionConfigurationPlatforms) = preSolution
		Debug|Any CPU = Debug|Any CPU
		Release|Any CPU = Release|Any CPU
	EndGlobalSection
	GlobalSection(ProjectConfigurationPlatforms) = postSolution
		{7D80D874-9B07-4AEE-BE42-F7E5B8A07E78}.Debug|Any CPU.ActiveCfg = Debug|Any CPU
		{7D80D874-9B07-4AEE-BE42-F7E5B8A07E78}.Debug|Any CPU.Build.0 = Debug|Any CPU
		{7D80D874-9B07-4AEE-BE42-F7E5B8A07E78}.Release|Any CPU.ActiveCfg = Release|Any CPU
		{7D80D874-9B07-4AEE-BE42-F7E5B8A07E78}.Release|Any CPU.Build.0 = Release|Any CPU
	EndGlobalSection
	GlobalSection(SolutionProperties) = preSolution
		HideSolutionNode = FALSE
	EndGlobalSection
	GlobalSection(ExtensibilityGlobals) = postSolution
		SolutionGuid = {DC59EB05-CF37-4182-8D47-31644FEC0C84}
	EndGlobalSection
EndGlobal
